
Microsoft Visual Studio Solution File, Format Version 12.00
# Visual Studio 14
VisualStudioVersion = 14.0.25123.0
MinimumVisualStudioVersion = 10.0.40219.1
Project("{FAE04EC0-301F-11D3-BF4B-00C04F79EFBC}") = "Bjornebo", "Bjornebo\Bjornebo.csproj", "{EB777A49-63FA-4B5A-ACCB-CB2327D11FFA}"
EndProject
Project("{FAE04EC0-301F-11D3-BF4B-00C04F79EFBC}") = "Bjornebo.Tests", "Bjornebo.Tests\Bjornebo.Tests.csproj", "{8E10897B-FED1-4E8E-993E-84F85D7DF037}"
EndProject
Global
	GlobalSection(SolutionConfigurationPlatforms) = preSolution
		Debug|Any CPU = Debug|Any CPU
		Release|Any CPU = Release|Any CPU
	EndGlobalSection
	GlobalSection(ProjectConfigurationPlatforms) = postSolution
		{EB777A49-63FA-4B5A-ACCB-CB2327D11FFA}.Debug|Any CPU.ActiveCfg = Debug|Any CPU
		{EB777A49-63FA-4B5A-ACCB-CB2327D11FFA}.Debug|Any CPU.Build.0 = Debug|Any CPU
		{EB777A49-63FA-4B5A-ACCB-CB2327D11FFA}.Release|Any CPU.ActiveCfg = Release|Any CPU
		{EB777A49-63FA-4B5A-ACCB-CB2327D11FFA}.Release|Any CPU.Build.0 = Release|Any CPU
		{8E10897B-FED1-4E8E-993E-84F85D7DF037}.Debug|Any CPU.ActiveCfg = Debug|Any CPU
		{8E10897B-FED1-4E8E-993E-84F85D7DF037}.Debug|Any CPU.Build.0 = Debug|Any CPU
		{8E10897B-FED1-4E8E-993E-84F85D7DF037}.Release|Any CPU.ActiveCfg = Release|Any CPU
		{8E10897B-FED1-4E8E-993E-84F85D7DF037}.Release|Any CPU.Build.0 = Release|Any CPU
	EndGlobalSection
	GlobalSection(SolutionProperties) = preSolution
		HideSolutionNode = FALSE
	EndGlobalSection
EndGlobal
